
Microsoft Visual Studio Solution File, Format Version 12.00
# Visual Studio Version 16
VisualStudioVersion = 16.0.30621.155
MinimumVisualStudioVersion = 10.0.40219.1
Project("{FAE04EC0-301F-11D3-BF4B-00C04F79EFBC}") = "ExpDateHolder", "ExpDateHolder\ExpDateHolder.csproj", "{EFCFF2CB-E385-47D6-900C-49D1CF150182}"
EndProject
Global
	GlobalSection(SolutionConfigurationPlatforms) = preSolution
		Debug|Any CPU = Debug|Any CPU
		Release|Any CPU = Release|Any CPU
	EndGlobalSection
	GlobalSection(ProjectConfigurationPlatforms) = postSolution
		{EFCFF2CB-E385-47D6-900C-49D1CF150182}.Debug|Any CPU.ActiveCfg = Debug|Any CPU
		{EFCFF2CB-E385-47D6-900C-49D1CF150182}.Debug|Any CPU.Build.0 = Debug|Any CPU
		{EFCFF2CB-E385-47D6-900C-49D1CF150182}.Release|Any CPU.ActiveCfg = Release|Any CPU
		{EFCFF2CB-E385-47D6-900C-49D1CF150182}.Release|Any CPU.Build.0 = Release|Any CPU
	EndGlobalSection
	GlobalSection(SolutionProperties) = preSolution
		HideSolutionNode = FALSE
	EndGlobalSection
	GlobalSection(ExtensibilityGlobals) = postSolution
		SolutionGuid = {188C8476-C38D-4409-A752-2FF78E96AEF5}
	EndGlobalSection
EndGlobal
